// !$*UTF8*$!
{
	archiveVersion = 1;
	classes = {
	};
	objectVersion = 56;
	objects = {

/* Begin PBXBuildFile section */
		A10001 /* CopyhogApp.swift in Sources */ = {isa = PBXBuildFile; fileRef = A20001 /* CopyhogApp.swift */; };
		A10002 /* Assets.xcassets in Resources */ = {isa = PBXBuildFile; fileRef = A20002 /* Assets.xcassets */; };
		A10003 /* PopoverContent.swift in Sources */ = {isa = PBXBuildFile; fileRef = A20006 /* PopoverContent.swift */; };
		A10004 /* ClipItem.swift in Sources */ = {isa = PBXBuildFile; fileRef = A20007 /* ClipItem.swift */; };
		A10005 /* ImageStore.swift in Sources */ = {isa = PBXBuildFile; fileRef = A20008 /* ImageStore.swift */; };
		A10006 /* ClipItemStore.swift in Sources */ = {isa = PBXBuildFile; fileRef = A20009 /* ClipItemStore.swift */; };
		A10007 /* ClipboardObserver.swift in Sources */ = {isa = PBXBuildFile; fileRef = A20010 /* ClipboardObserver.swift */; };
		A10008 /* ScreenshotWatcher.swift in Sources */ = {isa = PBXBuildFile; fileRef = A20011 /* ScreenshotWatcher.swift */; };
		A10009 /* PreviewPane.swift in Sources */ = {isa = PBXBuildFile; fileRef = A20012 /* PreviewPane.swift */; };
		A10010 /* ItemRow.swift in Sources */ = {isa = PBXBuildFile; fileRef = A20013 /* ItemRow.swift */; };
		A10011 /* PasteboardWriter.swift in Sources */ = {isa = PBXBuildFile; fileRef = A20014 /* PasteboardWriter.swift */; };
		B10001 /* PopoverContentTests.swift in Sources */ = {isa = PBXBuildFile; fileRef = B20001 /* PopoverContentTests.swift */; };
		B10002 /* Phase4UserControlTests.swift in Sources */ = {isa = PBXBuildFile; fileRef = B20003 /* Phase4UserControlTests.swift */; };
		B10003 /* Phase1CaptureEngineTests.swift in Sources */ = {isa = PBXBuildFile; fileRef = B20004 /* Phase1CaptureEngineTests.swift */; };
		B10004 /* Phase2BrowseUITests.swift in Sources */ = {isa = PBXBuildFile; fileRef = B20005 /* Phase2BrowseUITests.swift */; };
		B10005 /* Phase3PasteActionsTests.swift in Sources */ = {isa = PBXBuildFile; fileRef = B20006 /* Phase3PasteActionsTests.swift */; };
/* End PBXBuildFile section */

/* Begin PBXFileReference section */
		A20001 /* CopyhogApp.swift */ = {isa = PBXFileReference; lastKnownFileType = sourcecode.swift; path = CopyhogApp.swift; sourceTree = "<group>"; };
		A20002 /* Assets.xcassets */ = {isa = PBXFileReference; lastKnownFileType = folder.assetcatalog; path = Assets.xcassets; sourceTree = "<group>"; };
		A20003 /* Info.plist */ = {isa = PBXFileReference; lastKnownFileType = text.plist.xml; path = Info.plist; sourceTree = "<group>"; };
		A20004 /* Copyhog.entitlements */ = {isa = PBXFileReference; lastKnownFileType = text.plist.entitlements; path = Copyhog.entitlements; sourceTree = "<group>"; };
		A20005 /* Copyhog.app */ = {isa = PBXFileReference; explicitFileType = wrapper.application; includeInIndex = 0; path = Copyhog.app; sourceTree = BUILT_PRODUCTS_DIR; };
		A20006 /* PopoverContent.swift */ = {isa = PBXFileReference; lastKnownFileType = sourcecode.swift; path = PopoverContent.swift; sourceTree = "<group>"; };
		A20007 /* ClipItem.swift */ = {isa = PBXFileReference; lastKnownFileType = sourcecode.swift; path = ClipItem.swift; sourceTree = "<group>"; };
		A20008 /* ImageStore.swift */ = {isa = PBXFileReference; lastKnownFileType = sourcecode.swift; path = ImageStore.swift; sourceTree = "<group>"; };
		A20009 /* ClipItemStore.swift */ = {isa = PBXFileReference; lastKnownFileType = sourcecode.swift; path = ClipItemStore.swift; sourceTree = "<group>"; };
		A20010 /* ClipboardObserver.swift */ = {isa = PBXFileReference; lastKnownFileType = sourcecode.swift; path = ClipboardObserver.swift; sourceTree = "<group>"; };
		A20011 /* ScreenshotWatcher.swift */ = {isa = PBXFileReference; lastKnownFileType = sourcecode.swift; path = ScreenshotWatcher.swift; sourceTree = "<group>"; };
		A20012 /* PreviewPane.swift */ = {isa = PBXFileReference; lastKnownFileType = sourcecode.swift; path = PreviewPane.swift; sourceTree = "<group>"; };
		A20013 /* ItemRow.swift */ = {isa = PBXFileReference; lastKnownFileType = sourcecode.swift; path = ItemRow.swift; sourceTree = "<group>"; };
		A20014 /* PasteboardWriter.swift */ = {isa = PBXFileReference; lastKnownFileType = sourcecode.swift; path = PasteboardWriter.swift; sourceTree = "<group>"; };
		B20001 /* PopoverContentTests.swift */ = {isa = PBXFileReference; lastKnownFileType = sourcecode.swift; path = PopoverContentTests.swift; sourceTree = "<group>"; };
		B20003 /* Phase4UserControlTests.swift */ = {isa = PBXFileReference; lastKnownFileType = sourcecode.swift; path = Phase4UserControlTests.swift; sourceTree = "<group>"; };
		B20002 /* CopyhogTests.xctest */ = {isa = PBXFileReference; explicitFileType = wrapper.cfbundle; includeInIndex = 0; path = CopyhogTests.xctest; sourceTree = BUILT_PRODUCTS_DIR; };
		B20004 /* Phase1CaptureEngineTests.swift */ = {isa = PBXFileReference; lastKnownFileType = sourcecode.swift; path = Phase1CaptureEngineTests.swift; sourceTree = "<group>"; };
		B20005 /* Phase2BrowseUITests.swift */ = {isa = PBXFileReference; lastKnownFileType = sourcecode.swift; path = Phase2BrowseUITests.swift; sourceTree = "<group>"; };
		B20006 /* Phase3PasteActionsTests.swift */ = {isa = PBXFileReference; lastKnownFileType = sourcecode.swift; path = Phase3PasteActionsTests.swift; sourceTree = "<group>"; };
/* End PBXFileReference section */

/* Begin PBXContainerItemProxy section */
		B40001 /* PBXContainerItemProxy */ = {
			isa = PBXContainerItemProxy;
			containerPortal = A80001 /* Project object */;
			proxyType = 1;
			remoteGlobalIDString = A50001;
			remoteInfo = Copyhog;
		};
/* End PBXContainerItemProxy section */

/* Begin PBXFrameworksBuildPhase section */
		A30001 /* Frameworks */ = {
			isa = PBXFrameworksBuildPhase;
			buildActionMask = 2147483647;
			files = (
			);
			runOnlyForDeploymentPostprocessing = 0;
		};
		B30001 /* Frameworks */ = {
			isa = PBXFrameworksBuildPhase;
			buildActionMask = 2147483647;
			files = (
			);
			runOnlyForDeploymentPostprocessing = 0;
		};
/* End PBXFrameworksBuildPhase section */

/* Begin PBXGroup section */
		A40001 = {
			isa = PBXGroup;
			children = (
				A40002 /* Copyhog */,
				B40002 /* CopyhogTests */,
				A40003 /* Products */,
			);
			sourceTree = "<group>";
		};
		A40002 /* Copyhog */ = {
			isa = PBXGroup;
			children = (
				A20001 /* CopyhogApp.swift */,
				A40004 /* Views */,
				A40005 /* Models */,
				A40006 /* Services */,
				A40007 /* Store */,
				A20002 /* Assets.xcassets */,
				A20003 /* Info.plist */,
				A20004 /* Copyhog.entitlements */,
			);
			path = Copyhog;
			sourceTree = "<group>";
		};
		A40003 /* Products */ = {
			isa = PBXGroup;
			children = (
				A20005 /* Copyhog.app */,
				B20002 /* CopyhogTests.xctest */,
			);
			name = Products;
			sourceTree = "<group>";
		};
		B40002 /* CopyhogTests */ = {
			isa = PBXGroup;
			children = (
				B20001 /* PopoverContentTests.swift */,
				B20003 /* Phase4UserControlTests.swift */,
				B20004 /* Phase1CaptureEngineTests.swift */,
				B20005 /* Phase2BrowseUITests.swift */,
				B20006 /* Phase3PasteActionsTests.swift */,
			);
			path = CopyhogTests;
			sourceTree = "<group>";
		};
		A40004 /* Views */ = {
			isa = PBXGroup;
			children = (
				A20006 /* PopoverContent.swift */,
				A20012 /* PreviewPane.swift */,
				A20013 /* ItemRow.swift */,
			);
			path = Views;
			sourceTree = "<group>";
		};
		A40005 /* Models */ = {
			isa = PBXGroup;
			children = (
				A20007 /* ClipItem.swift */,
			);
			path = Models;
			sourceTree = "<group>";
		};
		A40006 /* Services */ = {
			isa = PBXGroup;
			children = (
				A20008 /* ImageStore.swift */,
				A20010 /* ClipboardObserver.swift */,
				A20011 /* ScreenshotWatcher.swift */,
				A20014 /* PasteboardWriter.swift */,
			);
			path = Services;
			sourceTree = "<group>";
		};
		A40007 /* Store */ = {
			isa = PBXGroup;
			children = (
				A20009 /* ClipItemStore.swift */,
			);
			path = Store;
			sourceTree = "<group>";
		};
/* End PBXGroup section */

/* Begin PBXNativeTarget section */
		A50001 /* Copyhog */ = {
			isa = PBXNativeTarget;
			buildConfigurationList = A70002 /* Build configuration list for PBXNativeTarget "Copyhog" */;
			buildPhases = (
				A60001 /* Sources */,
				A30001 /* Frameworks */,
				A60002 /* Resources */,
			);
			buildRules = (
			);
			dependencies = (
			);
			name = Copyhog;
			productName = Copyhog;
			productReference = A20005 /* Copyhog.app */;
			productType = "com.apple.product-type.application";
		};
		B50001 /* CopyhogTests */ = {
			isa = PBXNativeTarget;
			buildConfigurationList = B70001 /* Build configuration list for PBXNativeTarget "CopyhogTests" */;
			buildPhases = (
				B60001 /* Sources */,
				B30001 /* Frameworks */,
			);
			buildRules = (
			);
			dependencies = (
				B50002 /* PBXTargetDependency */,
			);
			name = CopyhogTests;
			productName = CopyhogTests;
			productReference = B20002 /* CopyhogTests.xctest */;
			productType = "com.apple.product-type.bundle.unit-test";
		};
/* End PBXNativeTarget section */

/* Begin PBXProject section */
		A80001 /* Project object */ = {
			isa = PBXProject;
			attributes = {
				BuildIndependentTargetsInParallel = 1;
				LastSwiftUpdateCheck = 1600;
				LastUpgradeCheck = 1600;
				TargetAttributes = {
					A50001 = {
						CreatedOnToolsVersion = 16.0;
					};
				};
			};
			buildConfigurationList = A70001 /* Build configuration list for PBXProject "Copyhog" */;
			compatibilityVersion = "Xcode 14.0";
			developmentRegion = en;
			hasScannedForEncodings = 0;
			knownRegions = (
				en,
				Base,
			);
			mainGroup = A40001;
			productRefGroup = A40003 /* Products */;
			projectDirPath = "";
			projectRoot = "";
			targets = (
				A50001 /* Copyhog */,
				B50001 /* CopyhogTests */,
			);
		};
/* End PBXProject section */

/* Begin PBXResourcesBuildPhase section */
		A60002 /* Resources */ = {
			isa = PBXResourcesBuildPhase;
			buildActionMask = 2147483647;
			files = (
				A10002 /* Assets.xcassets in Resources */,
			);
			runOnlyForDeploymentPostprocessing = 0;
		};
/* End PBXResourcesBuildPhase section */

/* Begin PBXSourcesBuildPhase section */
		A60001 /* Sources */ = {
			isa = PBXSourcesBuildPhase;
			buildActionMask = 2147483647;
			files = (
				A10001 /* CopyhogApp.swift in Sources */,
				A10003 /* PopoverContent.swift in Sources */,
				A10004 /* ClipItem.swift in Sources */,
				A10005 /* ImageStore.swift in Sources */,
				A10006 /* ClipItemStore.swift in Sources */,
				A10007 /* ClipboardObserver.swift in Sources */,
				A10008 /* ScreenshotWatcher.swift in Sources */,
				A10009 /* PreviewPane.swift in Sources */,
				A10010 /* ItemRow.swift in Sources */,
				A10011 /* PasteboardWriter.swift in Sources */,
			);
			runOnlyForDeploymentPostprocessing = 0;
		};
		B60001 /* Sources */ = {
			isa = PBXSourcesBuildPhase;
			buildActionMask = 2147483647;
			files = (
				B10001 /* PopoverContentTests.swift in Sources */,
				B10002 /* Phase4UserControlTests.swift in Sources */,
				B10003 /* Phase1CaptureEngineTests.swift in Sources */,
				B10004 /* Phase2BrowseUITests.swift in Sources */,
				B10005 /* Phase3PasteActionsTests.swift in Sources */,
			);
			runOnlyForDeploymentPostprocessing = 0;
		};
/* End PBXSourcesBuildPhase section */

/* Begin PBXTargetDependency section */
		B50002 /* PBXTargetDependency */ = {
			isa = PBXTargetDependency;
			target = A50001 /* Copyhog */;
			targetProxy = B40001 /* PBXContainerItemProxy */;
		};
/* End PBXTargetDependency section */

/* Begin XCBuildConfiguration section */
		A90001 /* Debug */ = {
			isa = XCBuildConfiguration;
			buildSettings = {
				ALWAYS_SEARCH_USER_PATHS = NO;
				ASSETCATALOG_COMPILER_GENERATE_SWIFT_ASSET_SYMBOL_EXTENSIONS = YES;
				CLANG_ANALYZER_NONNULL = YES;
				CLANG_ANALYZER_NUMBER_OBJECT_CONVERSION = YES_AGGRESSIVE;
				CLANG_CXX_LANGUAGE_STANDARD = "gnu++20";
				CLANG_ENABLE_MODULES = YES;
				CLANG_ENABLE_OBJC_ARC = YES;
				CLANG_ENABLE_OBJC_WEAK = YES;
				CLANG_WARN_BLOCK_CAPTURE_AUTORELEASING = YES;
				CLANG_WARN_BOOL_CONVERSION = YES;
				CLANG_WARN_COMMA = YES;
				CLANG_WARN_CONSTANT_CONVERSION = YES;
				CLANG_WARN_DEPRECATED_OBJC_IMPLEMENTATIONS = YES;
				CLANG_WARN_DIRECT_OBJC_ISA_USAGE = YES_ERROR;
				CLANG_WARN_DOCUMENTATION_COMMENTS = YES;
				CLANG_WARN_EMPTY_BODY = YES;
				CLANG_WARN_ENUM_CONVERSION = YES;
				CLANG_WARN_INFINITE_RECURSION = YES;
				CLANG_WARN_INT_CONVERSION = YES;
				CLANG_WARN_NON_LITERAL_NULL_CONVERSION = YES;
				CLANG_WARN_OBJC_IMPLICIT_RETAIN_SELF = YES;
				CLANG_WARN_OBJC_LITERAL_CONVERSION = YES;
				CLANG_WARN_OBJC_ROOT_CLASS = YES_ERROR;
				CLANG_WARN_QUOTED_INCLUDE_IN_FRAMEWORK_HEADER = YES;
				CLANG_WARN_RANGE_LOOP_ANALYSIS = YES;
				CLANG_WARN_STRICT_PROTOTYPES = YES;
				CLANG_WARN_SUSPICIOUS_MOVE = YES;
				CLANG_WARN_UNGUARDED_AVAILABILITY = YES_AGGRESSIVE;
				CLANG_WARN_UNREACHABLE_CODE = YES;
				CLANG_WARN__DUPLICATE_METHOD_MATCH = YES;
				COPY_PHASE_STRIP = NO;
				DEBUG_INFORMATION_FORMAT = dwarf;
				ENABLE_STRICT_OBJC_MSGSEND = YES;
				ENABLE_TESTABILITY = YES;
				GCC_C_LANGUAGE_STANDARD = gnu17;
				GCC_DYNAMIC_NO_PIC = NO;
				GCC_NO_COMMON_BLOCKS = YES;
				GCC_OPTIMIZATION_LEVEL = 0;
				GCC_PREPROCESSOR_DEFINITIONS = (
					"DEBUG=1",
					"$(inherited)",
				);
				GCC_WARN_64_TO_32_BIT_CONVERSION = YES;
				GCC_WARN_ABOUT_RETURN_TYPE = YES_ERROR;
				GCC_WARN_UNDECLARED_SELECTOR = YES;
				GCC_WARN_UNINITIALIZED_AUTOS = YES_AGGRESSIVE;
				GCC_WARN_UNUSED_FUNCTION = YES;
				GCC_WARN_UNUSED_VARIABLE = YES;
				MACOSX_DEPLOYMENT_TARGET = 14.0;
				MTL_ENABLE_DEBUG_INFO = INCLUDE_SOURCE;
				MTL_FAST_MATH = YES;
				ONLY_ACTIVE_ARCH = YES;
				SDKROOT = macosx;
				SWIFT_ACTIVE_COMPILATION_CONDITIONS = "$(inherited) DEBUG";
				SWIFT_OPTIMIZATION_LEVEL = "-Onone";
			};
			name = Debug;
		};
		A90002 /* Release */ = {
			isa = XCBuildConfiguration;
			buildSettings = {
				ALWAYS_SEARCH_USER_PATHS = NO;
				ASSETCATALOG_COMPILER_GENERATE_SWIFT_ASSET_SYMBOL_EXTENSIONS = YES;
				CLANG_ANALYZER_NONNULL = YES;
				CLANG_ANALYZER_NUMBER_OBJECT_CONVERSION = YES_AGGRESSIVE;
				CLANG_CXX_LANGUAGE_STANDARD = "gnu++20";
				CLANG_ENABLE_MODULES = YES;
				CLANG_ENABLE_OBJC_ARC = YES;
				CLANG_ENABLE_OBJC_WEAK = YES;
				CLANG_WARN_BLOCK_CAPTURE_AUTORELEASING = YES;
				CLANG_WARN_BOOL_CONVERSION = YES;
				CLANG_WARN_COMMA = YES;
				CLANG_WARN_CONSTANT_CONVERSION = YES;
				CLANG_WARN_DEPRECATED_OBJC_IMPLEMENTATIONS = YES;
				CLANG_WARN_DIRECT_OBJC_ISA_USAGE = YES_ERROR;
				CLANG_WARN_DOCUMENTATION_COMMENTS = YES;
				CLANG_WARN_EMPTY_BODY = YES;
				CLANG_WARN_ENUM_CONVERSION = YES;
				CLANG_WARN_INFINITE_RECURSION = YES;
				CLANG_WARN_INT_CONVERSION = YES;
				CLANG_WARN_NON_LITERAL_NULL_CONVERSION = YES;
				CLANG_WARN_OBJC_IMPLICIT_RETAIN_SELF = YES;
				CLANG_WARN_OBJC_LITERAL_CONVERSION = YES;
				CLANG_WARN_OBJC_ROOT_CLASS = YES_ERROR;
				CLANG_WARN_QUOTED_INCLUDE_IN_FRAMEWORK_HEADER = YES;
				CLANG_WARN_RANGE_LOOP_ANALYSIS = YES;
				CLANG_WARN_STRICT_PROTOTYPES = YES;
				CLANG_WARN_SUSPICIOUS_MOVE = YES;
				CLANG_WARN_UNGUARDED_AVAILABILITY = YES_AGGRESSIVE;
				CLANG_WARN_UNREACHABLE_CODE = YES;
				CLANG_WARN__DUPLICATE_METHOD_MATCH = YES;
				COPY_PHASE_STRIP = NO;
				DEBUG_INFORMATION_FORMAT = "dwarf-with-dsym";
				ENABLE_NS_ASSERTIONS = NO;
				ENABLE_STRICT_OBJC_MSGSEND = YES;
				GCC_C_LANGUAGE_STANDARD = gnu17;
				GCC_NO_COMMON_BLOCKS = YES;
				GCC_WARN_64_TO_32_BIT_CONVERSION = YES;
				GCC_WARN_ABOUT_RETURN_TYPE = YES_ERROR;
				GCC_WARN_UNDECLARED_SELECTOR = YES;
				GCC_WARN_UNINITIALIZED_AUTOS = YES_AGGRESSIVE;
				GCC_WARN_UNUSED_FUNCTION = YES;
				GCC_WARN_UNUSED_VARIABLE = YES;
				MACOSX_DEPLOYMENT_TARGET = 14.0;
				MTL_FAST_MATH = YES;
				SDKROOT = macosx;
				SWIFT_COMPILATION_MODE = wholemodule;
			};
			name = Release;
		};
		A90003 /* Debug */ = {
			isa = XCBuildConfiguration;
			buildSettings = {
				ASSETCATALOG_COMPILER_APPICON_NAME = AppIcon;
				AUTOMATION_APPLE_EVENTS = YES;
				CODE_SIGN_ENTITLEMENTS = Copyhog/Copyhog.entitlements;
				"CODE_SIGN_IDENTITY[sdk=macosx*]" = "Apple Development";
				CODE_SIGN_STYLE = Automatic;
				COMBINE_HIDPI_IMAGES = YES;
				CURRENT_PROJECT_VERSION = 1;
				DEVELOPMENT_TEAM = 7R6927B38A;
				ENABLE_HARDENED_RUNTIME = YES;
				ENABLE_RESOURCE_ACCESS_AUDIO_INPUT = NO;
				ENABLE_RESOURCE_ACCESS_CALENDARS = NO;
				ENABLE_RESOURCE_ACCESS_CAMERA = NO;
				ENABLE_RESOURCE_ACCESS_CONTACTS = NO;
				ENABLE_RESOURCE_ACCESS_LOCATION = NO;
				ENABLE_RESOURCE_ACCESS_PHOTO_LIBRARY = NO;
				GENERATE_INFOPLIST_FILE = NO;
				INFOPLIST_FILE = Copyhog/Info.plist;
				INFOPLIST_KEY_NSHumanReadableCopyright = "";
				LD_RUNPATH_SEARCH_PATHS = (
					"$(inherited)",
					"@executable_path/../Frameworks",
				);
				MARKETING_VERSION = 1.0;
				PRODUCT_BUNDLE_IDENTIFIER = com.copyhog.app;
				PRODUCT_NAME = "$(TARGET_NAME)";
				RUNTIME_EXCEPTION_ALLOW_DYLD_ENVIRONMENT_VARIABLES = NO;
				RUNTIME_EXCEPTION_ALLOW_JIT = NO;
				RUNTIME_EXCEPTION_ALLOW_UNSIGNED_EXECUTABLE_MEMORY = NO;
				RUNTIME_EXCEPTION_DEBUGGING_TOOL = NO;
				RUNTIME_EXCEPTION_DISABLE_EXECUTABLE_PAGE_PROTECTION = NO;
				RUNTIME_EXCEPTION_DISABLE_LIBRARY_VALIDATION = NO;
				SWIFT_EMIT_LOC_STRINGS = YES;
				SWIFT_VERSION = 6.0;
			};
			name = Debug;
		};
		A90004 /* Release */ = {
			isa = XCBuildConfiguration;
			buildSettings = {
				ASSETCATALOG_COMPILER_APPICON_NAME = AppIcon;
				AUTOMATION_APPLE_EVENTS = YES;
				CODE_SIGN_ENTITLEMENTS = Copyhog/Copyhog.entitlements;
				"CODE_SIGN_IDENTITY[sdk=macosx*]" = "Apple Development";
				CODE_SIGN_STYLE = Automatic;
				COMBINE_HIDPI_IMAGES = YES;
				CURRENT_PROJECT_VERSION = 1;
				DEVELOPMENT_TEAM = 7R6927B38A;
				ENABLE_HARDENED_RUNTIME = YES;
				ENABLE_RESOURCE_ACCESS_AUDIO_INPUT = NO;
				ENABLE_RESOURCE_ACCESS_CALENDARS = NO;
				ENABLE_RESOURCE_ACCESS_CAMERA = NO;
				ENABLE_RESOURCE_ACCESS_CONTACTS = NO;
				ENABLE_RESOURCE_ACCESS_LOCATION = NO;
				ENABLE_RESOURCE_ACCESS_PHOTO_LIBRARY = NO;
				GENERATE_INFOPLIST_FILE = NO;
				INFOPLIST_FILE = Copyhog/Info.plist;
				INFOPLIST_KEY_NSHumanReadableCopyright = "";
				LD_RUNPATH_SEARCH_PATHS = (
					"$(inherited)",
					"@executable_path/../Frameworks",
				);
				MARKETING_VERSION = 1.0;
				PRODUCT_BUNDLE_IDENTIFIER = com.copyhog.app;
				PRODUCT_NAME = "$(TARGET_NAME)";
				RUNTIME_EXCEPTION_ALLOW_DYLD_ENVIRONMENT_VARIABLES = NO;
				RUNTIME_EXCEPTION_ALLOW_JIT = NO;
				RUNTIME_EXCEPTION_ALLOW_UNSIGNED_EXECUTABLE_MEMORY = NO;
				RUNTIME_EXCEPTION_DEBUGGING_TOOL = NO;
				RUNTIME_EXCEPTION_DISABLE_EXECUTABLE_PAGE_PROTECTION = NO;
				RUNTIME_EXCEPTION_DISABLE_LIBRARY_VALIDATION = NO;
				SWIFT_EMIT_LOC_STRINGS = YES;
				SWIFT_VERSION = 6.0;
			};
			name = Release;
		};
		B90001 /* Debug */ = {
			isa = XCBuildConfiguration;
			buildSettings = {
				BUNDLE_LOADER = "$(TEST_HOST)";
				CODE_SIGN_STYLE = Automatic;
				CURRENT_PROJECT_VERSION = 1;
				DEVELOPMENT_TEAM = 7R6927B38A;
				GENERATE_INFOPLIST_FILE = YES;
				MARKETING_VERSION = 1.0;
				PRODUCT_BUNDLE_IDENTIFIER = com.copyhog.app.tests;
				PRODUCT_NAME = "$(TARGET_NAME)";
				SWIFT_EMIT_LOC_STRINGS = NO;
				SWIFT_VERSION = 6.0;
				TEST_HOST = "$(BUILT_PRODUCTS_DIR)/Copyhog.app/Contents/MacOS/Copyhog";
			};
			name = Debug;
		};
		B90002 /* Release */ = {
			isa = XCBuildConfiguration;
			buildSettings = {
				BUNDLE_LOADER = "$(TEST_HOST)";
				CODE_SIGN_STYLE = Automatic;
				CURRENT_PROJECT_VERSION = 1;
				DEVELOPMENT_TEAM = 7R6927B38A;
				GENERATE_INFOPLIST_FILE = YES;
				MARKETING_VERSION = 1.0;
				PRODUCT_BUNDLE_IDENTIFIER = com.copyhog.app.tests;
				PRODUCT_NAME = "$(TARGET_NAME)";
				SWIFT_EMIT_LOC_STRINGS = NO;
				SWIFT_VERSION = 6.0;
				TEST_HOST = "$(BUILT_PRODUCTS_DIR)/Copyhog.app/Contents/MacOS/Copyhog";
			};
			name = Release;
		};
/* End XCBuildConfiguration section */

/* Begin XCConfigurationList section */
		A70001 /* Build configuration list for PBXProject "Copyhog" */ = {
			isa = XCConfigurationList;
			buildConfigurations = (
				A90001 /* Debug */,
				A90002 /* Release */,
			);
			defaultConfigurationIsVisible = 0;
			defaultConfigurationName = Release;
		};
		A70002 /* Build configuration list for PBXNativeTarget "Copyhog" */ = {
			isa = XCConfigurationList;
			buildConfigurations = (
				A90003 /* Debug */,
				A90004 /* Release */,
			);
			defaultConfigurationIsVisible = 0;
			defaultConfigurationName = Release;
		};
		B70001 /* Build configuration list for PBXNativeTarget "CopyhogTests" */ = {
			isa = XCConfigurationList;
			buildConfigurations = (
				B90001 /* Debug */,
				B90002 /* Release */,
			);
			defaultConfigurationIsVisible = 0;
			defaultConfigurationName = Release;
		};
/* End XCConfigurationList section */
	};
	rootObject = A80001 /* Project object */;
}
